// !$*UTF8*$!
{
	archiveVersion = 1;
	classes = {
	};
	objectVersion = 48;
	objects = {

/* Begin PBXBuildFile section */
		6D3415B32176635E00029EF7 /* AppDelegate.swift in Sources */ = {isa = PBXBuildFile; fileRef = 6D3415B22176635E00029EF7 /* AppDelegate.swift */; };
		6D3415B52176635E00029EF7 /* ViewController.swift in Sources */ = {isa = PBXBuildFile; fileRef = 6D3415B42176635E00029EF7 /* ViewController.swift */; };
		6D3415B82176635E00029EF7 /* Main.storyboard in Resources */ = {isa = PBXBuildFile; fileRef = 6D3415B62176635E00029EF7 /* Main.storyboard */; };
		6D3415BA2176635E00029EF7 /* Assets.xcassets in Resources */ = {isa = PBXBuildFile; fileRef = 6D3415B92176635E00029EF7 /* Assets.xcassets */; };
		6D3415BD2176635E00029EF7 /* LaunchScreen.storyboard in Resources */ = {isa = PBXBuildFile; fileRef = 6D3415BB2176635E00029EF7 /* LaunchScreen.storyboard */; };
		6D3415C5217663A900029EF7 /* Data.swift in Sources */ = {isa = PBXBuildFile; fileRef = 6D3415C4217663A900029EF7 /* Data.swift */; };
		6D927F302177841C00369909 /* UserInfoVC.swift in Sources */ = {isa = PBXBuildFile; fileRef = 6D927F2F2177841C00369909 /* UserInfoVC.swift */; };
		6D927F332177A8AE00369909 /* SkillsTableViewCell.swift in Sources */ = {isa = PBXBuildFile; fileRef = 6D927F312177A8AD00369909 /* SkillsTableViewCell.swift */; };
		6D927F392177AE8E00369909 /* ProjectTableViewCell.swift in Sources */ = {isa = PBXBuildFile; fileRef = 6D927F372177AE8E00369909 /* ProjectTableViewCell.swift */; };
		6D927F3D2177B8C800369909 /* ProjectAndSkillVC.swift in Sources */ = {isa = PBXBuildFile; fileRef = 6D927F3C2177B8C800369909 /* ProjectAndSkillVC.swift */; };
/* End PBXBuildFile section */

/* Begin PBXFileReference section */
		6D3415AF2176635E00029EF7 /* Companion.app */ = {isa = PBXFileReference; explicitFileType = wrapper.application; includeInIndex = 0; path = Companion.app; sourceTree = BUILT_PRODUCTS_DIR; };
		6D3415B22176635E00029EF7 /* AppDelegate.swift */ = {isa = PBXFileReference; lastKnownFileType = sourcecode.swift; path = AppDelegate.swift; sourceTree = "<group>"; };
		6D3415B42176635E00029EF7 /* ViewController.swift */ = {isa = PBXFileReference; lastKnownFileType = sourcecode.swift; path = ViewController.swift; sourceTree = "<group>"; };
		6D3415B72176635E00029EF7 /* Base */ = {isa = PBXFileReference; lastKnownFileType = file.storyboard; name = Base; path = Base.lproj/Main.storyboard; sourceTree = "<group>"; };
		6D3415B92176635E00029EF7 /* Assets.xcassets */ = {isa = PBXFileReference; lastKnownFileType = folder.assetcatalog; path = Assets.xcassets; sourceTree = "<group>"; };
		6D3415BC2176635E00029EF7 /* Base */ = {isa = PBXFileReference; lastKnownFileType = file.storyboard; name = Base; path = Base.lproj/LaunchScreen.storyboard; sourceTree = "<group>"; };
		6D3415BE2176635E00029EF7 /* Info.plist */ = {isa = PBXFileReference; lastKnownFileType = text.plist.xml; path = Info.plist; sourceTree = "<group>"; };
		6D3415C4217663A900029EF7 /* Data.swift */ = {isa = PBXFileReference; lastKnownFileType = sourcecode.swift; path = Data.swift; sourceTree = "<group>"; };
		6D927F2F2177841C00369909 /* UserInfoVC.swift */ = {isa = PBXFileReference; lastKnownFileType = sourcecode.swift; path = UserInfoVC.swift; sourceTree = "<group>"; };
		6D927F312177A8AD00369909 /* SkillsTableViewCell.swift */ = {isa = PBXFileReference; lastKnownFileType = sourcecode.swift; path = SkillsTableViewCell.swift; sourceTree = "<group>"; };
		6D927F372177AE8E00369909 /* ProjectTableViewCell.swift */ = {isa = PBXFileReference; lastKnownFileType = sourcecode.swift; path = ProjectTableViewCell.swift; sourceTree = "<group>"; };
		6D927F3C2177B8C800369909 /* ProjectAndSkillVC.swift */ = {isa = PBXFileReference; lastKnownFileType = sourcecode.swift; path = ProjectAndSkillVC.swift; sourceTree = "<group>"; };
/* End PBXFileReference section */

/* Begin PBXFrameworksBuildPhase section */
		6D3415AC2176635E00029EF7 /* Frameworks */ = {
			isa = PBXFrameworksBuildPhase;
			buildActionMask = 2147483647;
			files = (
			);
			runOnlyForDeploymentPostprocessing = 0;
		};
/* End PBXFrameworksBuildPhase section */

/* Begin PBXGroup section */
		6D3415A62176635E00029EF7 = {
			isa = PBXGroup;
			children = (
				6D3415B12176635E00029EF7 /* Companion */,
				6D3415B02176635E00029EF7 /* Products */,
			);
			sourceTree = "<group>";
		};
		6D3415B02176635E00029EF7 /* Products */ = {
			isa = PBXGroup;
			children = (
				6D3415AF2176635E00029EF7 /* Companion.app */,
			);
			name = Products;
			sourceTree = "<group>";
		};
		6D3415B12176635E00029EF7 /* Companion */ = {
			isa = PBXGroup;
			children = (
				6D927F352177A8B500369909 /* Cell */,
				6D3415B22176635E00029EF7 /* AppDelegate.swift */,
				6D3415C7217663B400029EF7 /* Controllers */,
				6D3415C6217663AE00029EF7 /* Data */,
				6D3415B62176635E00029EF7 /* Main.storyboard */,
				6D3415B92176635E00029EF7 /* Assets.xcassets */,
				6D3415BB2176635E00029EF7 /* LaunchScreen.storyboard */,
				6D3415BE2176635E00029EF7 /* Info.plist */,
			);
			path = Companion;
			sourceTree = "<group>";
		};
		6D3415C6217663AE00029EF7 /* Data */ = {
			isa = PBXGroup;
			children = (
				6D3415C4217663A900029EF7 /* Data.swift */,
			);
			path = Data;
			sourceTree = "<group>";
		};
		6D3415C7217663B400029EF7 /* Controllers */ = {
			isa = PBXGroup;
			children = (
				6D927F2F2177841C00369909 /* UserInfoVC.swift */,
				6D3415B42176635E00029EF7 /* ViewController.swift */,
				6D927F3C2177B8C800369909 /* ProjectAndSkillVC.swift */,
			);
			path = Controllers;
			sourceTree = "<group>";
		};
		6D927F352177A8B500369909 /* Cell */ = {
			isa = PBXGroup;
			children = (
				6D927F3B2177AEB700369909 /* ProjectCell */,
				6D927F362177A8BE00369909 /* SkillCell */,
			);
			path = Cell;
			sourceTree = "<group>";
		};
		6D927F362177A8BE00369909 /* SkillCell */ = {
			isa = PBXGroup;
			children = (
				6D927F312177A8AD00369909 /* SkillsTableViewCell.swift */,
			);
			path = SkillCell;
			sourceTree = "<group>";
		};
		6D927F3B2177AEB700369909 /* ProjectCell */ = {
			isa = PBXGroup;
			children = (
				6D927F372177AE8E00369909 /* ProjectTableViewCell.swift */,
			);
			path = ProjectCell;
			sourceTree = "<group>";
		};
/* End PBXGroup section */

/* Begin PBXNativeTarget section */
		6D3415AE2176635E00029EF7 /* Companion */ = {
			isa = PBXNativeTarget;
			buildConfigurationList = 6D3415C12176635E00029EF7 /* Build configuration list for PBXNativeTarget "Companion" */;
			buildPhases = (
				6D3415AB2176635E00029EF7 /* Sources */,
				6D3415AC2176635E00029EF7 /* Frameworks */,
				6D3415AD2176635E00029EF7 /* Resources */,
			);
			buildRules = (
			);
			dependencies = (
			);
			name = Companion;
			productName = Companion;
			productReference = 6D3415AF2176635E00029EF7 /* Companion.app */;
			productType = "com.apple.product-type.application";
		};
/* End PBXNativeTarget section */

/* Begin PBXProject section */
		6D3415A72176635E00029EF7 /* Project object */ = {
			isa = PBXProject;
			attributes = {
				LastSwiftUpdateCheck = 0920;
				LastUpgradeCheck = 0920;
				ORGANIZATIONNAME = "Ivan SELETSKYI";
				TargetAttributes = {
					6D3415AE2176635E00029EF7 = {
						CreatedOnToolsVersion = 9.2;
						ProvisioningStyle = Automatic;
					};
				};
			};
			buildConfigurationList = 6D3415AA2176635E00029EF7 /* Build configuration list for PBXProject "Companion" */;
			compatibilityVersion = "Xcode 8.0";
			developmentRegion = en;
			hasScannedForEncodings = 0;
			knownRegions = (
				en,
				Base,
			);
			mainGroup = 6D3415A62176635E00029EF7;
			productRefGroup = 6D3415B02176635E00029EF7 /* Products */;
			projectDirPath = "";
			projectRoot = "";
			targets = (
				6D3415AE2176635E00029EF7 /* Companion */,
			);
		};
/* End PBXProject section */

/* Begin PBXResourcesBuildPhase section */
		6D3415AD2176635E00029EF7 /* Resources */ = {
			isa = PBXResourcesBuildPhase;
			buildActionMask = 2147483647;
			files = (
				6D3415BD2176635E00029EF7 /* LaunchScreen.storyboard in Resources */,
				6D3415BA2176635E00029EF7 /* Assets.xcassets in Resources */,
				6D3415B82176635E00029EF7 /* Main.storyboard in Resources */,
			);
			runOnlyForDeploymentPostprocessing = 0;
		};
/* End PBXResourcesBuildPhase section */

/* Begin PBXSourcesBuildPhase section */
		6D3415AB2176635E00029EF7 /* Sources */ = {
			isa = PBXSourcesBuildPhase;
			buildActionMask = 2147483647;
			files = (
				6D3415B52176635E00029EF7 /* ViewController.swift in Sources */,
				6D927F392177AE8E00369909 /* ProjectTableViewCell.swift in Sources */,
				6D3415C5217663A900029EF7 /* Data.swift in Sources */,
				6D927F3D2177B8C800369909 /* ProjectAndSkillVC.swift in Sources */,
				6D3415B32176635E00029EF7 /* AppDelegate.swift in Sources */,
				6D927F332177A8AE00369909 /* SkillsTableViewCell.swift in Sources */,
				6D927F302177841C00369909 /* UserInfoVC.swift in Sources */,
			);
			runOnlyForDeploymentPostprocessing = 0;
		};
/* End PBXSourcesBuildPhase section */

/* Begin PBXVariantGroup section */
		6D3415B62176635E00029EF7 /* Main.storyboard */ = {
			isa = PBXVariantGroup;
			children = (
				6D3415B72176635E00029EF7 /* Base */,
			);
			name = Main.storyboard;
			sourceTree = "<group>";
		};
		6D3415BB2176635E00029EF7 /* LaunchScreen.storyboard */ = {
			isa = PBXVariantGroup;
			children = (
				6D3415BC2176635E00029EF7 /* Base */,
			);
			name = LaunchScreen.storyboard;
			sourceTree = "<group>";
		};
/* End PBXVariantGroup section */

/* Begin XCBuildConfiguration section */
		6D3415BF2176635E00029EF7 /* Debug */ = {
			isa = XCBuildConfiguration;
			buildSettings = {
				ALWAYS_SEARCH_USER_PATHS = NO;
				CLANG_ANALYZER_NONNULL = YES;
				CLANG_ANALYZER_NUMBER_OBJECT_CONVERSION = YES_AGGRESSIVE;
				CLANG_CXX_LANGUAGE_STANDARD = "gnu++14";
				CLANG_CXX_LIBRARY = "libc++";
				CLANG_ENABLE_MODULES = YES;
				CLANG_ENABLE_OBJC_ARC = YES;
				CLANG_WARN_BLOCK_CAPTURE_AUTORELEASING = YES;
				CLANG_WARN_BOOL_CONVERSION = YES;
				CLANG_WARN_COMMA = YES;
				CLANG_WARN_CONSTANT_CONVERSION = YES;
				CLANG_WARN_DIRECT_OBJC_ISA_USAGE = YES_ERROR;
				CLANG_WARN_DOCUMENTATION_COMMENTS = YES;
				CLANG_WARN_EMPTY_BODY = YES;
				CLANG_WARN_ENUM_CONVERSION = YES;
				CLANG_WARN_INFINITE_RECURSION = YES;
				CLANG_WARN_INT_CONVERSION = YES;
				CLANG_WARN_NON_LITERAL_NULL_CONVERSION = YES;
				CLANG_WARN_OBJC_LITERAL_CONVERSION = YES;
				CLANG_WARN_OBJC_ROOT_CLASS = YES_ERROR;
				CLANG_WARN_RANGE_LOOP_ANALYSIS = YES;
				CLANG_WARN_STRICT_PROTOTYPES = YES;
				CLANG_WARN_SUSPICIOUS_MOVE = YES;
				CLANG_WARN_UNGUARDED_AVAILABILITY = YES_AGGRESSIVE;
				CLANG_WARN_UNREACHABLE_CODE = YES;
				CLANG_WARN__DUPLICATE_METHOD_MATCH = YES;
				CODE_SIGN_IDENTITY = "iPhone Developer";
				COPY_PHASE_STRIP = NO;
				DEBUG_INFORMATION_FORMAT = dwarf;
				ENABLE_STRICT_OBJC_MSGSEND = YES;
				ENABLE_TESTABILITY = YES;
				GCC_C_LANGUAGE_STANDARD = gnu11;
				GCC_DYNAMIC_NO_PIC = NO;
				GCC_NO_COMMON_BLOCKS = YES;
				GCC_OPTIMIZATION_LEVEL = 0;
				GCC_PREPROCESSOR_DEFINITIONS = (
					"DEBUG=1",
					"$(inherited)",
				);
				GCC_WARN_64_TO_32_BIT_CONVERSION = YES;
				GCC_WARN_ABOUT_RETURN_TYPE = YES_ERROR;
				GCC_WARN_UNDECLARED_SELECTOR = YES;
				GCC_WARN_UNINITIALIZED_AUTOS = YES_AGGRESSIVE;
				GCC_WARN_UNUSED_FUNCTION = YES;
				GCC_WARN_UNUSED_VARIABLE = YES;
				IPHONEOS_DEPLOYMENT_TARGET = 11.2;
				MTL_ENABLE_DEBUG_INFO = YES;
				ONLY_ACTIVE_ARCH = YES;
				SDKROOT = iphoneos;
				SWIFT_ACTIVE_COMPILATION_CONDITIONS = DEBUG;
				SWIFT_OPTIMIZATION_LEVEL = "-Onone";
			};
			name = Debug;
		};
		6D3415C02176635E00029EF7 /* Release */ = {
			isa = XCBuildConfiguration;
			buildSettings = {
				ALWAYS_SEARCH_USER_PATHS = NO;
				CLANG_ANALYZER_NONNULL = YES;
				CLANG_ANALYZER_NUMBER_OBJECT_CONVERSION = YES_AGGRESSIVE;
				CLANG_CXX_LANGUAGE_STANDARD = "gnu++14";
				CLANG_CXX_LIBRARY = "libc++";
				CLANG_ENABLE_MODULES = YES;
				CLANG_ENABLE_OBJC_ARC = YES;
				CLANG_WARN_BLOCK_CAPTURE_AUTORELEASING = YES;
				CLANG_WARN_BOOL_CONVERSION = YES;
				CLANG_WARN_COMMA = YES;
				CLANG_WARN_CONSTANT_CONVERSION = YES;
				CLANG_WARN_DIRECT_OBJC_ISA_USAGE = YES_ERROR;
				CLANG_WARN_DOCUMENTATION_COMMENTS = YES;
				CLANG_WARN_EMPTY_BODY = YES;
				CLANG_WARN_ENUM_CONVERSION = YES;
				CLANG_WARN_INFINITE_RECURSION = YES;
				CLANG_WARN_INT_CONVERSION = YES;
				CLANG_WARN_NON_LITERAL_NULL_CONVERSION = YES;
				CLANG_WARN_OBJC_LITERAL_CONVERSION = YES;
				CLANG_WARN_OBJC_ROOT_CLASS = YES_ERROR;
				CLANG_WARN_RANGE_LOOP_ANALYSIS = YES;
				CLANG_WARN_STRICT_PROTOTYPES = YES;
				CLANG_WARN_SUSPICIOUS_MOVE = YES;
				CLANG_WARN_UNGUARDED_AVAILABILITY = YES_AGGRESSIVE;
				CLANG_WARN_UNREACHABLE_CODE = YES;
				CLANG_WARN__DUPLICATE_METHOD_MATCH = YES;
				CODE_SIGN_IDENTITY = "iPhone Developer";
				COPY_PHASE_STRIP = NO;
				DEBUG_INFORMATION_FORMAT = "dwarf-with-dsym";
				ENABLE_NS_ASSERTIONS = NO;
				ENABLE_STRICT_OBJC_MSGSEND = YES;
				GCC_C_LANGUAGE_STANDARD = gnu11;
				GCC_NO_COMMON_BLOCKS = YES;
				GCC_WARN_64_TO_32_BIT_CONVERSION = YES;
				GCC_WARN_ABOUT_RETURN_TYPE = YES_ERROR;
				GCC_WARN_UNDECLARED_SELECTOR = YES;
				GCC_WARN_UNINITIALIZED_AUTOS = YES_AGGRESSIVE;
				GCC_WARN_UNUSED_FUNCTION = YES;
				GCC_WARN_UNUSED_VARIABLE = YES;
				IPHONEOS_DEPLOYMENT_TARGET = 11.2;
				MTL_ENABLE_DEBUG_INFO = NO;
				SDKROOT = iphoneos;
				SWIFT_OPTIMIZATION_LEVEL = "-Owholemodule";
				VALIDATE_PRODUCT = YES;
			};
			name = Release;
		};
		6D3415C22176635E00029EF7 /* Debug */ = {
			isa = XCBuildConfiguration;
			buildSettings = {
				ASSETCATALOG_COMPILER_APPICON_NAME = AppIcon;
				CODE_SIGN_STYLE = Automatic;
				INFOPLIST_FILE = Companion/Info.plist;
				LD_RUNPATH_SEARCH_PATHS = "$(inherited) @executable_path/Frameworks";
				PRODUCT_BUNDLE_IDENTIFIER = iseletsk.Companion;
				PRODUCT_NAME = "$(TARGET_NAME)";
				SWIFT_VERSION = 4.0;
				TARGETED_DEVICE_FAMILY = "1,2";
			};
			name = Debug;
		};
		6D3415C32176635E00029EF7 /* Release */ = {
			isa = XCBuildConfiguration;
			buildSettings = {
				ASSETCATALOG_COMPILER_APPICON_NAME = AppIcon;
				CODE_SIGN_STYLE = Automatic;
				INFOPLIST_FILE = Companion/Info.plist;
				LD_RUNPATH_SEARCH_PATHS = "$(inherited) @executable_path/Frameworks";
				PRODUCT_BUNDLE_IDENTIFIER = iseletsk.Companion;
				PRODUCT_NAME = "$(TARGET_NAME)";
				SWIFT_VERSION = 4.0;
				TARGETED_DEVICE_FAMILY = "1,2";
			};
			name = Release;
		};
/* End XCBuildConfiguration section */

/* Begin XCConfigurationList section */
		6D3415AA2176635E00029EF7 /* Build configuration list for PBXProject "Companion" */ = {
			isa = XCConfigurationList;
			buildConfigurations = (
				6D3415BF2176635E00029EF7 /* Debug */,
				6D3415C02176635E00029EF7 /* Release */,
			);
			defaultConfigurationIsVisible = 0;
			defaultConfigurationName = Release;
		};
		6D3415C12176635E00029EF7 /* Build configuration list for PBXNativeTarget "Companion" */ = {
			isa = XCConfigurationList;
			buildConfigurations = (
				6D3415C22176635E00029EF7 /* Debug */,
				6D3415C32176635E00029EF7 /* Release */,
			);
			defaultConfigurationIsVisible = 0;
			defaultConfigurationName = Release;
		};
/* End XCConfigurationList section */
	};
	rootObject = 6D3415A72176635E00029EF7 /* Project object */;
}
